Microsoft Visual Studio Solution File, Format Version 12.00
# Visual Studio Version 17
VisualStudioVersion = 17.5.2.0
MinimumVisualStudioVersion = 10.0.40219.1
Project("{FAE04EC0-301F-11D3-BF4B-00C04F79EFBC}") = "EmailCampaignReporting.API", "backend\EmailCampaignReporting.API.csproj", "{FA3B5303-4EC2-E002-E7C8-A9F768786070}"
EndProject
Global
	GlobalSection(SolutionConfigurationPlatforms) = preSolution
		Debug|Any CPU = Debug|Any CPU
		Release|Any CPU = Release|Any CPU
	EndGlobalSection
	GlobalSection(ProjectConfigurationPlatforms) = postSolution
		{FA3B5303-4EC2-E002-E7C8-A9F768786070}.Debug|Any CPU.ActiveCfg = Debug|Any CPU
		{FA3B5303-4EC2-E002-E7C8-A9F768786070}.Debug|Any CPU.Build.0 = Debug|Any CPU
		{FA3B5303-4EC2-E002-E7C8-A9F768786070}.Release|Any CPU.ActiveCfg = Release|Any CPU
		{FA3B5303-4EC2-E002-E7C8-A9F768786070}.Release|Any CPU.Build.0 = Release|Any CPU
	EndGlobalSection
	GlobalSection(SolutionProperties) = preSolution
		HideSolutionNode = FALSE
	EndGlobalSection
	GlobalSection(ExtensibilityGlobals) = postSolution
		SolutionGuid = {043332AD-568D-4F98-A5CE-408E5443F670}
	EndGlobalSection
EndGlobal
