Microsoft Visual Studio Solution File, Format Version 12.00
# Visual Studio Version 17
VisualStudioVersion = 17.5.2.0
MinimumVisualStudioVersion = 10.0.40219.1
Project("{FAE04EC0-301F-11D3-BF4B-00C04F79EFBC}") = "EmailCampaignReporting.API", "EmailCampaignReporting.API.csproj", "{F53E3098-FD52-4071-6CF7-32663FC4430A}"
EndProject
Global
	GlobalSection(SolutionConfigurationPlatforms) = preSolution
		Debug|Any CPU = Debug|Any CPU
		Release|Any CPU = Release|Any CPU
	EndGlobalSection
	GlobalSection(ProjectConfigurationPlatforms) = postSolution
		{F53E3098-FD52-4071-6CF7-32663FC4430A}.Debug|Any CPU.ActiveCfg = Debug|Any CPU
		{F53E3098-FD52-4071-6CF7-32663FC4430A}.Debug|Any CPU.Build.0 = Debug|Any CPU
		{F53E3098-FD52-4071-6CF7-32663FC4430A}.Release|Any CPU.ActiveCfg = Release|Any CPU
		{F53E3098-FD52-4071-6CF7-32663FC4430A}.Release|Any CPU.Build.0 = Release|Any CPU
	EndGlobalSection
	GlobalSection(SolutionProperties) = preSolution
		HideSolutionNode = FALSE
	EndGlobalSection
	GlobalSection(ExtensibilityGlobals) = postSolution
		SolutionGuid = {4D46ABAA-F5B5-4B54-B4EE-AD10D483DEE5}
	EndGlobalSection
EndGlobal
